
Microsoft Visual Studio Solution File, Format Version 12.00
# Visual Studio Version 17
VisualStudioVersion = 17.13.35818.85
MinimumVisualStudioVersion = 10.0.40219.1
Project("{FAE04EC0-301F-11D3-BF4B-00C04F79EFBC}") = "Server", "Server\Server.csproj", "{CC5EA804-DF14-4B39-8E02-7190F98576B8}"
EndProject
Project("{FAE04EC0-301F-11D3-BF4B-00C04F79EFBC}") = "Client", "Client\Client.csproj", "{0AFBD0F3-40C0-44B3-B595-300A7493BCE1}"
EndProject
Global
	GlobalSection(SolutionConfigurationPlatforms) = preSolution
		Debug|Any CPU = Debug|Any CPU
		Release|Any CPU = Release|Any CPU
	EndGlobalSection
	GlobalSection(ProjectConfigurationPlatforms) = postSolution
		{CC5EA804-DF14-4B39-8E02-7190F98576B8}.Debug|Any CPU.ActiveCfg = Debug|Any CPU
		{CC5EA804-DF14-4B39-8E02-7190F98576B8}.Debug|Any CPU.Build.0 = Debug|Any CPU
		{CC5EA804-DF14-4B39-8E02-7190F98576B8}.Release|Any CPU.ActiveCfg = Release|Any CPU
		{CC5EA804-DF14-4B39-8E02-7190F98576B8}.Release|Any CPU.Build.0 = Release|Any CPU
		{0AFBD0F3-40C0-44B3-B595-300A7493BCE1}.Debug|Any CPU.ActiveCfg = Debug|Any CPU
		{0AFBD0F3-40C0-44B3-B595-300A7493BCE1}.Debug|Any CPU.Build.0 = Debug|Any CPU
		{0AFBD0F3-40C0-44B3-B595-300A7493BCE1}.Release|Any CPU.ActiveCfg = Release|Any CPU
		{0AFBD0F3-40C0-44B3-B595-300A7493BCE1}.Release|Any CPU.Build.0 = Release|Any CPU
	EndGlobalSection
	GlobalSection(SolutionProperties) = preSolution
		HideSolutionNode = FALSE
	EndGlobalSection
	GlobalSection(ExtensibilityGlobals) = postSolution
		SolutionGuid = {0EFD1754-DED7-4441-B8E6-5C82E11FA301}
	EndGlobalSection
EndGlobal
